{"1.1.0",
[{<<"cowboy">>,{pkg,<<"cowboy">>,<<"2.3.0">>},0},
 {<<"cowlib">>,{pkg,<<"cowlib">>,<<"2.2.1">>},1},
 {<<"ibrowse">>,{pkg,<<"ibrowse">>,<<"4.4.0">>},0},
 {<<"ranch">>,{pkg,<<"ranch">>,<<"1.4.0">>},1}]}.
[
{pkg_hash,[
 {<<"cowboy">>, <<"268429481D6F41AD5564ADE4A2439C284B569083FCA0D19078AD4F56B4624724">>},
 {<<"cowlib">>, <<"1AFA5B233CEE8F642C153EC6F1DC48DB0DD9A43E2114BC8B43E9D59636F6AE1F">>},
 {<<"ibrowse">>, <<"2D923325EFE0D2CB09B9C6A047B2835A5EDA69D8A47ED6FF8BC03628B764E991">>},
 {<<"ranch">>, <<"10272F95DA79340FA7E8774BA7930B901713D272905D0012B06CA6D994F8826B">>}]}
].
